
Microsoft Visual Studio Solution File, Format Version 12.00
# Visual Studio Version 16
VisualStudioVersion = 16.0.29326.143
MinimumVisualStudioVersion = 10.0.40219.1
Project("{FAE04EC0-301F-11D3-BF4B-00C04F79EFBC}") = "Kernel", "Source\Kernel.csproj", "{D6E5CC87-1879-41F6-B95B-5CF8B64EA721}"
EndProject
Global
	GlobalSection(SolutionConfigurationPlatforms) = preSolution
		Debug|Any CPU = Debug|Any CPU
		Release|Any CPU = Release|Any CPU
	EndGlobalSection
	GlobalSection(ProjectConfigurationPlatforms) = postSolution
		{D6E5CC87-1879-41F6-B95B-5CF8B64EA721}.Debug|Any CPU.ActiveCfg = Debug|Any CPU
		{D6E5CC87-1879-41F6-B95B-5CF8B64EA721}.Debug|Any CPU.Build.0 = Debug|Any CPU
		{D6E5CC87-1879-41F6-B95B-5CF8B64EA721}.Release|Any CPU.ActiveCfg = Release|Any CPU
		{D6E5CC87-1879-41F6-B95B-5CF8B64EA721}.Release|Any CPU.Build.0 = Release|Any CPU
	EndGlobalSection
	GlobalSection(SolutionProperties) = preSolution
		HideSolutionNode = FALSE
	EndGlobalSection
	GlobalSection(ExtensibilityGlobals) = postSolution
		SolutionGuid = {04EFEBD4-5AFB-4C18-BC7C-C11A3A58B432}
	EndGlobalSection
EndGlobal
